
Microsoft Visual Studio Solution File, Format Version 12.00
# Visual Studio 15
Project("{FAE04EC0-301F-11D3-BF4B-00C04F79EFBC}") = "Jacobi_GaussSeidel", "Jacobi_GaussSeidel\Jacobi_GaussSeidel.csproj", "{5D673DDC-D846-47EB-8EF0-EBB5B3B95207}"
EndProject
Global
	GlobalSection(SolutionConfigurationPlatforms) = preSolution
		Debug|Any CPU = Debug|Any CPU
		Release|Any CPU = Release|Any CPU
	EndGlobalSection
	GlobalSection(ProjectConfigurationPlatforms) = postSolution
		{5D673DDC-D846-47EB-8EF0-EBB5B3B95207}.Debug|Any CPU.ActiveCfg = Debug|Any CPU
		{5D673DDC-D846-47EB-8EF0-EBB5B3B95207}.Debug|Any CPU.Build.0 = Debug|Any CPU
		{5D673DDC-D846-47EB-8EF0-EBB5B3B95207}.Release|Any CPU.ActiveCfg = Release|Any CPU
		{5D673DDC-D846-47EB-8EF0-EBB5B3B95207}.Release|Any CPU.Build.0 = Release|Any CPU
	EndGlobalSection
EndGlobal
