
Microsoft Visual Studio Solution File, Format Version 12.00
# Visual Studio 15
Project("{FAE04EC0-301F-11D3-BF4B-00C04F79EFBC}") = "LuyThua_XuongThang", "LuyThua_XuongThang\LuyThua_XuongThang.csproj", "{B1770B49-C720-4402-AFF1-867F8AE35731}"
EndProject
Global
	GlobalSection(SolutionConfigurationPlatforms) = preSolution
		Debug|Any CPU = Debug|Any CPU
		Release|Any CPU = Release|Any CPU
	EndGlobalSection
	GlobalSection(ProjectConfigurationPlatforms) = postSolution
		{B1770B49-C720-4402-AFF1-867F8AE35731}.Debug|Any CPU.ActiveCfg = Debug|Any CPU
		{B1770B49-C720-4402-AFF1-867F8AE35731}.Debug|Any CPU.Build.0 = Debug|Any CPU
		{B1770B49-C720-4402-AFF1-867F8AE35731}.Release|Any CPU.ActiveCfg = Release|Any CPU
		{B1770B49-C720-4402-AFF1-867F8AE35731}.Release|Any CPU.Build.0 = Release|Any CPU
	EndGlobalSection
EndGlobal
